// !$*UTF8*$!
{
	archiveVersion = 1;
	classes = {
	};
	objectVersion = 50;
	objects = {

/* Begin PBXBuildFile section */
		75F0809B28C924F600139EF6 /* VariablesTests.swift in Sources */ = {isa = PBXBuildFile; fileRef = 75F0809A28C924F600139EF6 /* VariablesTests.swift */; };
		75F080A628C925DD00139EF6 /* 1.SwapTheValueOfTwoVariables.swift in Sources */ = {isa = PBXBuildFile; fileRef = 75F080A528C925DD00139EF6 /* 1.SwapTheValueOfTwoVariables.swift */; };
		75F080A928C9289800139EF6 /* 2.TwiceAnyNumber.swift in Sources */ = {isa = PBXBuildFile; fileRef = 75F080A828C9289800139EF6 /* 2.TwiceAnyNumber.swift */; };
		75F080AB28C92ADE00139EF6 /* 3.SquareArea.swift in Sources */ = {isa = PBXBuildFile; fileRef = 75F080AA28C92ADE00139EF6 /* 3.SquareArea.swift */; };
		75F080AD28C92CD300139EF6 /* 4.PredecessorAndSuccessorOfAnyNumber.swift in Sources */ = {isa = PBXBuildFile; fileRef = 75F080AC28C92CD300139EF6 /* 4.PredecessorAndSuccessorOfAnyNumber.swift */; };
		75F080AF28C92E8600139EF6 /* 5.SimpleAverageOfThreeNumbers.swift in Sources */ = {isa = PBXBuildFile; fileRef = 75F080AE28C92E8600139EF6 /* 5.SimpleAverageOfThreeNumbers.swift */; };
		75F080B128C92FE000139EF6 /* 6.DiscoverTheDaysOfNMonths.swift in Sources */ = {isa = PBXBuildFile; fileRef = 75F080B028C92FE000139EF6 /* 6.DiscoverTheDaysOfNMonths.swift */; };
		773D7B5328D0F2DF001A299E /* StringsTests.swift in Sources */ = {isa = PBXBuildFile; fileRef = 773D7B5228D0F2DF001A299E /* StringsTests.swift */; };
		773D7B5C28D0F33F001A299E /* README.md in Resources */ = {isa = PBXBuildFile; fileRef = 773D7B5B28D0F33F001A299E /* README.md */; };
		773D7B5F28D0F4D5001A299E /* 1.CountString.swift in Sources */ = {isa = PBXBuildFile; fileRef = 773D7B5E28D0F4D5001A299E /* 1.CountString.swift */; };
		773D7B6228D0F4E3001A299E /* 2.CountVowels.swift in Sources */ = {isa = PBXBuildFile; fileRef = 773D7B6128D0F4E3001A299E /* 2.CountVowels.swift */; };
		773D7B6428D0F4F3001A299E /* 3.CompareTwoStrings.swift in Sources */ = {isa = PBXBuildFile; fileRef = 773D7B6328D0F4F3001A299E /* 3.CompareTwoStrings.swift */; };
		773D7B6628D0F50B001A299E /* 4.ConcatenateTwoStrings.swift in Sources */ = {isa = PBXBuildFile; fileRef = 773D7B6528D0F50B001A299E /* 4.ConcatenateTwoStrings.swift */; };
		773D7B6828D0F51D001A299E /* 5.InvertString.swift in Sources */ = {isa = PBXBuildFile; fileRef = 773D7B6728D0F51D001A299E /* 5.InvertString.swift */; };
		77BF12BD28C99FB00027C22A /* FunctionsTests.swift in Sources */ = {isa = PBXBuildFile; fileRef = 77BF12BC28C99FB00027C22A /* FunctionsTests.swift */; };
		77BF12C728C9A0220027C22A /* README.md in Resources */ = {isa = PBXBuildFile; fileRef = 77BF12C628C9A0220027C22A /* README.md */; };
		77BF12CA28C9A0EF0027C22A /* 1.FunctionsForTheFourArithmeticOperations.swift in Sources */ = {isa = PBXBuildFile; fileRef = 77BF12C928C9A0EF0027C22A /* 1.FunctionsForTheFourArithmeticOperations.swift */; };
		77BF12D928C9A8C60027C22A /* 2.CostOfManufacturingACar.swift in Sources */ = {isa = PBXBuildFile; fileRef = 77BF12D828C9A8C60027C22A /* 2.CostOfManufacturingACar.swift */; };
		77BF12DB28C9AD180027C22A /* 3.SimpleInterest.swift in Sources */ = {isa = PBXBuildFile; fileRef = 77BF12DA28C9AD180027C22A /* 3.SimpleInterest.swift */; };
		77BF12DD28C9B0160027C22A /* 4.ReadjustingTheSalary.swift in Sources */ = {isa = PBXBuildFile; fileRef = 77BF12DC28C9B0160027C22A /* 4.ReadjustingTheSalary.swift */; };
		77BF12F028CA58F60027C22A /* Conditional_StructuresTests.swift in Sources */ = {isa = PBXBuildFile; fileRef = 77BF12EF28CA58F60027C22A /* Conditional_StructuresTests.swift */; };
		77BF12FC28CA59A80027C22A /* README.md in Resources */ = {isa = PBXBuildFile; fileRef = 77BF12FB28CA59A20027C22A /* README.md */; };
		77BF12FF28CA5B6B0027C22A /* 1.OddOrEvenValue.swift in Sources */ = {isa = PBXBuildFile; fileRef = 77BF12FE28CA5B6B0027C22A /* 1.OddOrEvenValue.swift */; };
		77BF130228CA5BAE0027C22A /* 2.PositiveOrNegativeValue.swift in Sources */ = {isa = PBXBuildFile; fileRef = 77BF130128CA5BAE0027C22A /* 2.PositiveOrNegativeValue.swift */; };
		77BF130428CA5BDD0027C22A /* 3.GreaterThanTen.swift in Sources */ = {isa = PBXBuildFile; fileRef = 77BF130328CA5BDD0027C22A /* 3.GreaterThanTen.swift */; };
		77BF130628CA5C7E0027C22A /* 4.CelsiusFahrenheitConverter.swift in Sources */ = {isa = PBXBuildFile; fileRef = 77BF130528CA5C7E0027C22A /* 4.CelsiusFahrenheitConverter.swift */; };
		77BF130828CA5CB20027C22A /* 5.SecondDegreeEquation.swift in Sources */ = {isa = PBXBuildFile; fileRef = 77BF130728CA5CB20027C22A /* 5.SecondDegreeEquation.swift */; };
		77BF133928CAA4A30027C22A /* LoopsTests.swift in Sources */ = {isa = PBXBuildFile; fileRef = 77BF133828CAA4A30027C22A /* LoopsTests.swift */; };
		77BF134428CB8FFC0027C22A /* 1.PrimeNumber.swift in Sources */ = {isa = PBXBuildFile; fileRef = 77BF134328CB8FFC0027C22A /* 1.PrimeNumber.swift */; };
		77BF134728CB900E0027C22A /* 2.AddDigits.swift in Sources */ = {isa = PBXBuildFile; fileRef = 77BF134628CB900E0027C22A /* 2.AddDigits.swift */; };
		77BF134928CB902F0027C22A /* 3.GreatestCommonDivisor.swift in Sources */ = {isa = PBXBuildFile; fileRef = 77BF134828CB902F0027C22A /* 3.GreatestCommonDivisor.swift */; };
		77BF134B28CB90560027C22A /* 4.LeastCommonMultiple.swift in Sources */ = {isa = PBXBuildFile; fileRef = 77BF134A28CB90560027C22A /* 4.LeastCommonMultiple.swift */; };
		77BF137F28CFE3CC0027C22A /* ArraysTests.swift in Sources */ = {isa = PBXBuildFile; fileRef = 77BF137E28CFE3CC0027C22A /* ArraysTests.swift */; };
		77BF138828CFE4460027C22A /* README.md in Resources */ = {isa = PBXBuildFile; fileRef = 77BF138728CFE4460027C22A /* README.md */; };
		77BF138B28CFE70F0027C22A /* 1.AlgorithmToLoadAVector.swift in Sources */ = {isa = PBXBuildFile; fileRef = 77BF138A28CFE70F0027C22A /* 1.AlgorithmToLoadAVector.swift */; };
		77BF138E28CFE7270027C22A /* 2.AlgorithmToAddVector.swift in Sources */ = {isa = PBXBuildFile; fileRef = 77BF138D28CFE7270027C22A /* 2.AlgorithmToAddVector.swift */; };
		77BF139028CFE7460027C22A /* 3.AlgorithmToCopyAVector.swift in Sources */ = {isa = PBXBuildFile; fileRef = 77BF138F28CFE7460027C22A /* 3.AlgorithmToCopyAVector.swift */; };
		77BF139228CFE7670027C22A /* 4.HighestAndLowestVectorIndex.swift in Sources */ = {isa = PBXBuildFile; fileRef = 77BF139128CFE7670027C22A /* 4.HighestAndLowestVectorIndex.swift */; };
		77BF139428CFE7830027C22A /* 5.RepeatedValuesInVector.swift in Sources */ = {isa = PBXBuildFile; fileRef = 77BF139328CFE7830027C22A /* 5.RepeatedValuesInVector.swift */; };
/* End PBXBuildFile section */

/* Begin PBXContainerItemProxy section */
		75F0809728C924F600139EF6 /* PBXContainerItemProxy */ = {
			isa = PBXContainerItemProxy;
			containerPortal = 75F0805828C9227600139EF6 /* Project object */;
			proxyType = 1;
			remoteGlobalIDString = 75F0808C28C924F600139EF6;
			remoteInfo = Variables;
		};
		773D7B4F28D0F2DF001A299E /* PBXContainerItemProxy */ = {
			isa = PBXContainerItemProxy;
			containerPortal = 75F0805828C9227600139EF6 /* Project object */;
			proxyType = 1;
			remoteGlobalIDString = 773D7B4528D0F2DF001A299E;
			remoteInfo = Strings;
		};
		77BF12B928C99FB00027C22A /* PBXContainerItemProxy */ = {
			isa = PBXContainerItemProxy;
			containerPortal = 75F0805828C9227600139EF6 /* Project object */;
			proxyType = 1;
			remoteGlobalIDString = 77BF12AF28C99FB00027C22A;
			remoteInfo = Functions;
		};
		77BF12EC28CA58F60027C22A /* PBXContainerItemProxy */ = {
			isa = PBXContainerItemProxy;
			containerPortal = 75F0805828C9227600139EF6 /* Project object */;
			proxyType = 1;
			remoteGlobalIDString = 77BF12E228CA58F60027C22A;
			remoteInfo = "Conditional Structures";
		};
		77BF133528CAA4A30027C22A /* PBXContainerItemProxy */ = {
			isa = PBXContainerItemProxy;
			containerPortal = 75F0805828C9227600139EF6 /* Project object */;
			proxyType = 1;
			remoteGlobalIDString = 77BF132B28CAA4A30027C22A;
			remoteInfo = Loops;
		};
		77BF137B28CFE3CC0027C22A /* PBXContainerItemProxy */ = {
			isa = PBXContainerItemProxy;
			containerPortal = 75F0805828C9227600139EF6 /* Project object */;
			proxyType = 1;
			remoteGlobalIDString = 77BF137128CFE3CC0027C22A;
			remoteInfo = Arrays;
		};
/* End PBXContainerItemProxy section */

/* Begin PBXFileReference section */
		75F0809028C924F600139EF6 /* Info.plist */ = {isa = PBXFileReference; lastKnownFileType = text.plist.xml; path = Info.plist; sourceTree = "<group>"; };
		75F0809A28C924F600139EF6 /* VariablesTests.swift */ = {isa = PBXFileReference; lastKnownFileType = sourcecode.swift; path = VariablesTests.swift; sourceTree = "<group>"; };
		75F0809C28C924F600139EF6 /* Info.plist */ = {isa = PBXFileReference; lastKnownFileType = text.plist.xml; path = Info.plist; sourceTree = "<group>"; };
		75F080A528C925DD00139EF6 /* 1.SwapTheValueOfTwoVariables.swift */ = {isa = PBXFileReference; lastKnownFileType = sourcecode.swift; path = 1.SwapTheValueOfTwoVariables.swift; sourceTree = "<group>"; };
		75F080A828C9289800139EF6 /* 2.TwiceAnyNumber.swift */ = {isa = PBXFileReference; lastKnownFileType = sourcecode.swift; path = 2.TwiceAnyNumber.swift; sourceTree = "<group>"; };
		75F080AA28C92ADE00139EF6 /* 3.SquareArea.swift */ = {isa = PBXFileReference; lastKnownFileType = sourcecode.swift; path = 3.SquareArea.swift; sourceTree = "<group>"; };
		75F080AC28C92CD300139EF6 /* 4.PredecessorAndSuccessorOfAnyNumber.swift */ = {isa = PBXFileReference; lastKnownFileType = sourcecode.swift; path = 4.PredecessorAndSuccessorOfAnyNumber.swift; sourceTree = "<group>"; };
		75F080AE28C92E8600139EF6 /* 5.SimpleAverageOfThreeNumbers.swift */ = {isa = PBXFileReference; lastKnownFileType = sourcecode.swift; path = 5.SimpleAverageOfThreeNumbers.swift; sourceTree = "<group>"; };
		75F080B028C92FE000139EF6 /* 6.DiscoverTheDaysOfNMonths.swift */ = {isa = PBXFileReference; lastKnownFileType = sourcecode.swift; path = 6.DiscoverTheDaysOfNMonths.swift; sourceTree = "<group>"; };
		75F080B228C932E300139EF6 /* README.md */ = {isa = PBXFileReference; lastKnownFileType = net.daringfireball.markdown; path = README.md; sourceTree = "<group>"; };
		773D7B5228D0F2DF001A299E /* StringsTests.swift */ = {isa = PBXFileReference; lastKnownFileType = sourcecode.swift; path = StringsTests.swift; sourceTree = "<group>"; };
		773D7B5B28D0F33F001A299E /* README.md */ = {isa = PBXFileReference; lastKnownFileType = net.daringfireball.markdown; path = README.md; sourceTree = "<group>"; };
		773D7B5E28D0F4D5001A299E /* 1.CountString.swift */ = {isa = PBXFileReference; lastKnownFileType = sourcecode.swift; path = 1.CountString.swift; sourceTree = "<group>"; };
		773D7B6128D0F4E3001A299E /* 2.CountVowels.swift */ = {isa = PBXFileReference; lastKnownFileType = sourcecode.swift; path = 2.CountVowels.swift; sourceTree = "<group>"; };
		773D7B6328D0F4F3001A299E /* 3.CompareTwoStrings.swift */ = {isa = PBXFileReference; lastKnownFileType = sourcecode.swift; path = 3.CompareTwoStrings.swift; sourceTree = "<group>"; };
		773D7B6528D0F50B001A299E /* 4.ConcatenateTwoStrings.swift */ = {isa = PBXFileReference; lastKnownFileType = sourcecode.swift; path = 4.ConcatenateTwoStrings.swift; sourceTree = "<group>"; };
		773D7B6728D0F51D001A299E /* 5.InvertString.swift */ = {isa = PBXFileReference; lastKnownFileType = sourcecode.swift; path = 5.InvertString.swift; sourceTree = "<group>"; };
		773D7B8728D0F7F6001A299E /* Variables.framework */ = {isa = PBXFileReference; explicitFileType = wrapper.framework; includeInIndex = 0; name = Variables.framework; path = "/Users/rafael.escaleira/Documents/programming-logic-challenges/build/Debug/Variables.framework"; sourceTree = "<absolute>"; };
		773D7B8828D0F7F6001A299E /* VariablesTests.xctest */ = {isa = PBXFileReference; explicitFileType = wrapper.cfbundle; includeInIndex = 0; name = VariablesTests.xctest; path = "/Users/rafael.escaleira/Documents/programming-logic-challenges/build/Debug/VariablesTests.xctest"; sourceTree = "<absolute>"; };
		773D7B8928D0F7F6001A299E /* Functions.framework */ = {isa = PBXFileReference; explicitFileType = wrapper.framework; includeInIndex = 0; name = Functions.framework; path = "/Users/rafael.escaleira/Documents/programming-logic-challenges/build/Debug/Functions.framework"; sourceTree = "<absolute>"; };
		773D7B8A28D0F7F6001A299E /* FunctionsTests.xctest */ = {isa = PBXFileReference; explicitFileType = wrapper.cfbundle; includeInIndex = 0; name = FunctionsTests.xctest; path = "/Users/rafael.escaleira/Documents/programming-logic-challenges/build/Debug/FunctionsTests.xctest"; sourceTree = "<absolute>"; };
		773D7B8B28D0F7F6001A299E /* Conditional_Structures.framework */ = {isa = PBXFileReference; explicitFileType = wrapper.framework; includeInIndex = 0; name = Conditional_Structures.framework; path = "/Users/rafael.escaleira/Documents/programming-logic-challenges/build/Debug/Conditional_Structures.framework"; sourceTree = "<absolute>"; };
		773D7B8C28D0F7F6001A299E /* Conditional StructuresTests.xctest */ = {isa = PBXFileReference; explicitFileType = wrapper.cfbundle; includeInIndex = 0; name = "Conditional StructuresTests.xctest"; path = "/Users/rafael.escaleira/Documents/programming-logic-challenges/build/Debug/Conditional StructuresTests.xctest"; sourceTree = "<absolute>"; };
		773D7B8D28D0F7F6001A299E /* Loops.framework */ = {isa = PBXFileReference; explicitFileType = wrapper.framework; includeInIndex = 0; name = Loops.framework; path = "/Users/rafael.escaleira/Documents/programming-logic-challenges/build/Debug/Loops.framework"; sourceTree = "<absolute>"; };
		773D7B8E28D0F7F6001A299E /* LoopsTests.xctest */ = {isa = PBXFileReference; explicitFileType = wrapper.cfbundle; includeInIndex = 0; name = LoopsTests.xctest; path = "/Users/rafael.escaleira/Documents/programming-logic-challenges/build/Debug/LoopsTests.xctest"; sourceTree = "<absolute>"; };
		773D7B8F28D0F7F6001A299E /* Arrays.framework */ = {isa = PBXFileReference; explicitFileType = wrapper.framework; includeInIndex = 0; name = Arrays.framework; path = "/Users/rafael.escaleira/Documents/programming-logic-challenges/build/Debug/Arrays.framework"; sourceTree = "<absolute>"; };
		773D7B9028D0F7F6001A299E /* ArraysTests.xctest */ = {isa = PBXFileReference; explicitFileType = wrapper.cfbundle; includeInIndex = 0; name = ArraysTests.xctest; path = "/Users/rafael.escaleira/Documents/programming-logic-challenges/build/Debug/ArraysTests.xctest"; sourceTree = "<absolute>"; };
		773D7B9128D0F7F6001A299E /* Strings.framework */ = {isa = PBXFileReference; explicitFileType = wrapper.framework; includeInIndex = 0; name = Strings.framework; path = "/Users/rafael.escaleira/Documents/programming-logic-challenges/build/Debug/Strings.framework"; sourceTree = "<absolute>"; };
		773D7B9228D0F7F6001A299E /* StringsTests.xctest */ = {isa = PBXFileReference; explicitFileType = wrapper.cfbundle; includeInIndex = 0; name = StringsTests.xctest; path = "/Users/rafael.escaleira/Documents/programming-logic-challenges/build/Debug/StringsTests.xctest"; sourceTree = "<absolute>"; };
		77BF12BC28C99FB00027C22A /* FunctionsTests.swift */ = {isa = PBXFileReference; lastKnownFileType = sourcecode.swift; path = FunctionsTests.swift; sourceTree = "<group>"; };
		77BF12C628C9A0220027C22A /* README.md */ = {isa = PBXFileReference; lastKnownFileType = net.daringfireball.markdown; path = README.md; sourceTree = "<group>"; };
		77BF12C928C9A0EF0027C22A /* 1.FunctionsForTheFourArithmeticOperations.swift */ = {isa = PBXFileReference; lastKnownFileType = sourcecode.swift; path = 1.FunctionsForTheFourArithmeticOperations.swift; sourceTree = "<group>"; };
		77BF12D828C9A8C60027C22A /* 2.CostOfManufacturingACar.swift */ = {isa = PBXFileReference; lastKnownFileType = sourcecode.swift; path = 2.CostOfManufacturingACar.swift; sourceTree = "<group>"; };
		77BF12DA28C9AD180027C22A /* 3.SimpleInterest.swift */ = {isa = PBXFileReference; lastKnownFileType = sourcecode.swift; path = 3.SimpleInterest.swift; sourceTree = "<group>"; };
		77BF12DC28C9B0160027C22A /* 4.ReadjustingTheSalary.swift */ = {isa = PBXFileReference; lastKnownFileType = sourcecode.swift; path = 4.ReadjustingTheSalary.swift; sourceTree = "<group>"; };
		77BF12EF28CA58F60027C22A /* Conditional_StructuresTests.swift */ = {isa = PBXFileReference; lastKnownFileType = sourcecode.swift; path = Conditional_StructuresTests.swift; sourceTree = "<group>"; };
		77BF12FB28CA59A20027C22A /* README.md */ = {isa = PBXFileReference; lastKnownFileType = net.daringfireball.markdown; path = README.md; sourceTree = "<group>"; };
		77BF12FE28CA5B6B0027C22A /* 1.OddOrEvenValue.swift */ = {isa = PBXFileReference; lastKnownFileType = sourcecode.swift; path = 1.OddOrEvenValue.swift; sourceTree = "<group>"; };
		77BF130128CA5BAE0027C22A /* 2.PositiveOrNegativeValue.swift */ = {isa = PBXFileReference; lastKnownFileType = sourcecode.swift; path = 2.PositiveOrNegativeValue.swift; sourceTree = "<group>"; };
		77BF130328CA5BDD0027C22A /* 3.GreaterThanTen.swift */ = {isa = PBXFileReference; lastKnownFileType = sourcecode.swift; path = 3.GreaterThanTen.swift; sourceTree = "<group>"; };
		77BF130528CA5C7E0027C22A /* 4.CelsiusFahrenheitConverter.swift */ = {isa = PBXFileReference; lastKnownFileType = sourcecode.swift; path = 4.CelsiusFahrenheitConverter.swift; sourceTree = "<group>"; };
		77BF130728CA5CB20027C22A /* 5.SecondDegreeEquation.swift */ = {isa = PBXFileReference; lastKnownFileType = sourcecode.swift; path = 5.SecondDegreeEquation.swift; sourceTree = "<group>"; };
		77BF133828CAA4A30027C22A /* LoopsTests.swift */ = {isa = PBXFileReference; lastKnownFileType = sourcecode.swift; path = LoopsTests.swift; sourceTree = "<group>"; };
		77BF134128CAA5210027C22A /* README.md */ = {isa = PBXFileReference; lastKnownFileType = net.daringfireball.markdown; path = README.md; sourceTree = "<group>"; };
		77BF134328CB8FFC0027C22A /* 1.PrimeNumber.swift */ = {isa = PBXFileReference; lastKnownFileType = sourcecode.swift; path = 1.PrimeNumber.swift; sourceTree = "<group>"; };
		77BF134628CB900E0027C22A /* 2.AddDigits.swift */ = {isa = PBXFileReference; lastKnownFileType = sourcecode.swift; path = 2.AddDigits.swift; sourceTree = "<group>"; };
		77BF134828CB902F0027C22A /* 3.GreatestCommonDivisor.swift */ = {isa = PBXFileReference; lastKnownFileType = sourcecode.swift; path = 3.GreatestCommonDivisor.swift; sourceTree = "<group>"; };
		77BF134A28CB90560027C22A /* 4.LeastCommonMultiple.swift */ = {isa = PBXFileReference; lastKnownFileType = sourcecode.swift; path = 4.LeastCommonMultiple.swift; sourceTree = "<group>"; };
		77BF137E28CFE3CC0027C22A /* ArraysTests.swift */ = {isa = PBXFileReference; lastKnownFileType = sourcecode.swift; path = ArraysTests.swift; sourceTree = "<group>"; };
		77BF138728CFE4460027C22A /* README.md */ = {isa = PBXFileReference; lastKnownFileType = net.daringfireball.markdown; path = README.md; sourceTree = "<group>"; };
		77BF138A28CFE70F0027C22A /* 1.AlgorithmToLoadAVector.swift */ = {isa = PBXFileReference; lastKnownFileType = sourcecode.swift; path = 1.AlgorithmToLoadAVector.swift; sourceTree = "<group>"; };
		77BF138D28CFE7270027C22A /* 2.AlgorithmToAddVector.swift */ = {isa = PBXFileReference; lastKnownFileType = sourcecode.swift; path = 2.AlgorithmToAddVector.swift; sourceTree = "<group>"; };
		77BF138F28CFE7460027C22A /* 3.AlgorithmToCopyAVector.swift */ = {isa = PBXFileReference; lastKnownFileType = sourcecode.swift; path = 3.AlgorithmToCopyAVector.swift; sourceTree = "<group>"; };
		77BF139128CFE7670027C22A /* 4.HighestAndLowestVectorIndex.swift */ = {isa = PBXFileReference; lastKnownFileType = sourcecode.swift; path = 4.HighestAndLowestVectorIndex.swift; sourceTree = "<group>"; };
		77BF139328CFE7830027C22A /* 5.RepeatedValuesInVector.swift */ = {isa = PBXFileReference; lastKnownFileType = sourcecode.swift; path = 5.RepeatedValuesInVector.swift; sourceTree = "<group>"; };
/* End PBXFileReference section */

/* Begin PBXFrameworksBuildPhase section */
		75F0808A28C924F600139EF6 /* Frameworks */ = {
			isa = PBXFrameworksBuildPhase;
			buildActionMask = 2147483647;
			files = (
			);
			runOnlyForDeploymentPostprocessing = 0;
		};
		75F0809228C924F600139EF6 /* Frameworks */ = {
			isa = PBXFrameworksBuildPhase;
			buildActionMask = 2147483647;
			files = (
			);
			runOnlyForDeploymentPostprocessing = 0;
		};
		773D7B4328D0F2DF001A299E /* Frameworks */ = {
			isa = PBXFrameworksBuildPhase;
			buildActionMask = 2147483647;
			files = (
			);
			runOnlyForDeploymentPostprocessing = 0;
		};
		773D7B4A28D0F2DF001A299E /* Frameworks */ = {
			isa = PBXFrameworksBuildPhase;
			buildActionMask = 2147483647;
			files = (
			);
			runOnlyForDeploymentPostprocessing = 0;
		};
		77BF12AD28C99FB00027C22A /* Frameworks */ = {
			isa = PBXFrameworksBuildPhase;
			buildActionMask = 2147483647;
			files = (
			);
			runOnlyForDeploymentPostprocessing = 0;
		};
		77BF12B428C99FB00027C22A /* Frameworks */ = {
			isa = PBXFrameworksBuildPhase;
			buildActionMask = 2147483647;
			files = (
			);
			runOnlyForDeploymentPostprocessing = 0;
		};
		77BF12E028CA58F60027C22A /* Frameworks */ = {
			isa = PBXFrameworksBuildPhase;
			buildActionMask = 2147483647;
			files = (
			);
			runOnlyForDeploymentPostprocessing = 0;
		};
		77BF12E728CA58F60027C22A /* Frameworks */ = {
			isa = PBXFrameworksBuildPhase;
			buildActionMask = 2147483647;
			files = (
			);
			runOnlyForDeploymentPostprocessing = 0;
		};
		77BF132928CAA4A30027C22A /* Frameworks */ = {
			isa = PBXFrameworksBuildPhase;
			buildActionMask = 2147483647;
			files = (
			);
			runOnlyForDeploymentPostprocessing = 0;
		};
		77BF133028CAA4A30027C22A /* Frameworks */ = {
			isa = PBXFrameworksBuildPhase;
			buildActionMask = 2147483647;
			files = (
			);
			runOnlyForDeploymentPostprocessing = 0;
		};
		77BF136F28CFE3CC0027C22A /* Frameworks */ = {
			isa = PBXFrameworksBuildPhase;
			buildActionMask = 2147483647;
			files = (
			);
			runOnlyForDeploymentPostprocessing = 0;
		};
		77BF137628CFE3CC0027C22A /* Frameworks */ = {
			isa = PBXFrameworksBuildPhase;
			buildActionMask = 2147483647;
			files = (
			);
			runOnlyForDeploymentPostprocessing = 0;
		};
/* End PBXFrameworksBuildPhase section */

/* Begin PBXGroup section */
		75F0805728C9227600139EF6 = {
			isa = PBXGroup;
			children = (
				75F0808E28C924F600139EF6 /* Variables */,
				75F0809928C924F600139EF6 /* VariablesTests */,
				77BF12B128C99FB00027C22A /* Functions */,
				77BF12BB28C99FB00027C22A /* FunctionsTests */,
				77BF12E428CA58F60027C22A /* Conditional Structures */,
				77BF12EE28CA58F60027C22A /* Conditional StructuresTests */,
				77BF132D28CAA4A30027C22A /* Loops */,
				77BF133728CAA4A30027C22A /* LoopsTests */,
				77BF137328CFE3CC0027C22A /* Arrays */,
				77BF137D28CFE3CC0027C22A /* ArraysTests */,
				773D7B4728D0F2DF001A299E /* Strings */,
				773D7B5128D0F2DF001A299E /* StringsTests */,
			);
			sourceTree = "<group>";
		};
		75F0808E28C924F600139EF6 /* Variables */ = {
			isa = PBXGroup;
			children = (
				75F0809028C924F600139EF6 /* Info.plist */,
				75F080A528C925DD00139EF6 /* 1.SwapTheValueOfTwoVariables.swift */,
				75F080A828C9289800139EF6 /* 2.TwiceAnyNumber.swift */,
				75F080AA28C92ADE00139EF6 /* 3.SquareArea.swift */,
				75F080AC28C92CD300139EF6 /* 4.PredecessorAndSuccessorOfAnyNumber.swift */,
				75F080AE28C92E8600139EF6 /* 5.SimpleAverageOfThreeNumbers.swift */,
				75F080B028C92FE000139EF6 /* 6.DiscoverTheDaysOfNMonths.swift */,
				75F080B228C932E300139EF6 /* README.md */,
			);
			path = Variables;
			sourceTree = "<group>";
		};
		75F0809928C924F600139EF6 /* VariablesTests */ = {
			isa = PBXGroup;
			children = (
				75F0809A28C924F600139EF6 /* VariablesTests.swift */,
				75F0809C28C924F600139EF6 /* Info.plist */,
			);
			path = VariablesTests;
			sourceTree = "<group>";
		};
		773D7B4728D0F2DF001A299E /* Strings */ = {
			isa = PBXGroup;
			children = (
				773D7B5B28D0F33F001A299E /* README.md */,
				773D7B5E28D0F4D5001A299E /* 1.CountString.swift */,
				773D7B6128D0F4E3001A299E /* 2.CountVowels.swift */,
				773D7B6328D0F4F3001A299E /* 3.CompareTwoStrings.swift */,
				773D7B6528D0F50B001A299E /* 4.ConcatenateTwoStrings.swift */,
				773D7B6728D0F51D001A299E /* 5.InvertString.swift */,
			);
			path = Strings;
			sourceTree = "<group>";
		};
		773D7B5128D0F2DF001A299E /* StringsTests */ = {
			isa = PBXGroup;
			children = (
				773D7B5228D0F2DF001A299E /* StringsTests.swift */,
			);
			path = StringsTests;
			sourceTree = "<group>";
		};
		77BF12B128C99FB00027C22A /* Functions */ = {
			isa = PBXGroup;
			children = (
				77BF12C628C9A0220027C22A /* README.md */,
				77BF12C928C9A0EF0027C22A /* 1.FunctionsForTheFourArithmeticOperations.swift */,
				77BF12D828C9A8C60027C22A /* 2.CostOfManufacturingACar.swift */,
				77BF12DA28C9AD180027C22A /* 3.SimpleInterest.swift */,
				77BF12DC28C9B0160027C22A /* 4.ReadjustingTheSalary.swift */,
			);
			path = Functions;
			sourceTree = "<group>";
		};
		77BF12BB28C99FB00027C22A /* FunctionsTests */ = {
			isa = PBXGroup;
			children = (
				77BF12BC28C99FB00027C22A /* FunctionsTests.swift */,
			);
			path = FunctionsTests;
			sourceTree = "<group>";
		};
		77BF12E428CA58F60027C22A /* Conditional Structures */ = {
			isa = PBXGroup;
			children = (
				77BF12FB28CA59A20027C22A /* README.md */,
				77BF12FE28CA5B6B0027C22A /* 1.OddOrEvenValue.swift */,
				77BF130128CA5BAE0027C22A /* 2.PositiveOrNegativeValue.swift */,
				77BF130328CA5BDD0027C22A /* 3.GreaterThanTen.swift */,
				77BF130528CA5C7E0027C22A /* 4.CelsiusFahrenheitConverter.swift */,
				77BF130728CA5CB20027C22A /* 5.SecondDegreeEquation.swift */,
			);
			path = "Conditional Structures";
			sourceTree = "<group>";
		};
		77BF12EE28CA58F60027C22A /* Conditional StructuresTests */ = {
			isa = PBXGroup;
			children = (
				77BF12EF28CA58F60027C22A /* Conditional_StructuresTests.swift */,
			);
			path = "Conditional StructuresTests";
			sourceTree = "<group>";
		};
		77BF132D28CAA4A30027C22A /* Loops */ = {
			isa = PBXGroup;
			children = (
				77BF134128CAA5210027C22A /* README.md */,
				77BF134328CB8FFC0027C22A /* 1.PrimeNumber.swift */,
				77BF134628CB900E0027C22A /* 2.AddDigits.swift */,
				77BF134828CB902F0027C22A /* 3.GreatestCommonDivisor.swift */,
				77BF134A28CB90560027C22A /* 4.LeastCommonMultiple.swift */,
			);
			path = Loops;
			sourceTree = "<group>";
		};
		77BF133728CAA4A30027C22A /* LoopsTests */ = {
			isa = PBXGroup;
			children = (
				77BF133828CAA4A30027C22A /* LoopsTests.swift */,
			);
			path = LoopsTests;
			sourceTree = "<group>";
		};
		77BF137328CFE3CC0027C22A /* Arrays */ = {
			isa = PBXGroup;
			children = (
				77BF138728CFE4460027C22A /* README.md */,
				77BF138A28CFE70F0027C22A /* 1.AlgorithmToLoadAVector.swift */,
				77BF138D28CFE7270027C22A /* 2.AlgorithmToAddVector.swift */,
				77BF138F28CFE7460027C22A /* 3.AlgorithmToCopyAVector.swift */,
				77BF139128CFE7670027C22A /* 4.HighestAndLowestVectorIndex.swift */,
				77BF139328CFE7830027C22A /* 5.RepeatedValuesInVector.swift */,
			);
			path = Arrays;
			sourceTree = "<group>";
		};
		77BF137D28CFE3CC0027C22A /* ArraysTests */ = {
			isa = PBXGroup;
			children = (
				77BF137E28CFE3CC0027C22A /* ArraysTests.swift */,
			);
			path = ArraysTests;
			sourceTree = "<group>";
		};
/* End PBXGroup section */

/* Begin PBXHeadersBuildPhase section */
		75F0808828C924F600139EF6 /* Headers */ = {
			isa = PBXHeadersBuildPhase;
			buildActionMask = 2147483647;
			files = (
			);
			runOnlyForDeploymentPostprocessing = 0;
		};
		773D7B4128D0F2DF001A299E /* Headers */ = {
			isa = PBXHeadersBuildPhase;
			buildActionMask = 2147483647;
			files = (
			);
			runOnlyForDeploymentPostprocessing = 0;
		};
		77BF12AB28C99FB00027C22A /* Headers */ = {
			isa = PBXHeadersBuildPhase;
			buildActionMask = 2147483647;
			files = (
			);
			runOnlyForDeploymentPostprocessing = 0;
		};
		77BF12DE28CA58F60027C22A /* Headers */ = {
			isa = PBXHeadersBuildPhase;
			buildActionMask = 2147483647;
			files = (
			);
			runOnlyForDeploymentPostprocessing = 0;
		};
		77BF132728CAA4A30027C22A /* Headers */ = {
			isa = PBXHeadersBuildPhase;
			buildActionMask = 2147483647;
			files = (
			);
			runOnlyForDeploymentPostprocessing = 0;
		};
		77BF136D28CFE3CC0027C22A /* Headers */ = {
			isa = PBXHeadersBuildPhase;
			buildActionMask = 2147483647;
			files = (
			);
			runOnlyForDeploymentPostprocessing = 0;
		};
/* End PBXHeadersBuildPhase section */

/* Begin PBXNativeTarget section */
		75F0808C28C924F600139EF6 /* Variables */ = {
			isa = PBXNativeTarget;
			buildConfigurationList = 75F0809E28C924F600139EF6 /* Build configuration list for PBXNativeTarget "Variables" */;
			buildPhases = (
				75F0808828C924F600139EF6 /* Headers */,
				75F0808928C924F600139EF6 /* Sources */,
				75F0808A28C924F600139EF6 /* Frameworks */,
				75F0808B28C924F600139EF6 /* Resources */,
			);
			buildRules = (
			);
			dependencies = (
			);
			name = Variables;
			productName = Variables;
			productReference = 773D7B8728D0F7F6001A299E /* Variables.framework */;
			productType = "com.apple.product-type.framework";
		};
		75F0809428C924F600139EF6 /* VariablesTests */ = {
			isa = PBXNativeTarget;
			buildConfigurationList = 75F080A128C924F600139EF6 /* Build configuration list for PBXNativeTarget "VariablesTests" */;
			buildPhases = (
				75F0809128C924F600139EF6 /* Sources */,
				75F0809228C924F600139EF6 /* Frameworks */,
				75F0809328C924F600139EF6 /* Resources */,
			);
			buildRules = (
			);
			dependencies = (
				75F0809828C924F600139EF6 /* PBXTargetDependency */,
			);
			name = VariablesTests;
			productName = VariablesTests;
			productReference = 773D7B8828D0F7F6001A299E /* VariablesTests.xctest */;
			productType = "com.apple.product-type.bundle.unit-test";
		};
		773D7B4528D0F2DF001A299E /* Strings */ = {
			isa = PBXNativeTarget;
			buildConfigurationList = 773D7B5528D0F2DF001A299E /* Build configuration list for PBXNativeTarget "Strings" */;
			buildPhases = (
				773D7B4128D0F2DF001A299E /* Headers */,
				773D7B4228D0F2DF001A299E /* Sources */,
				773D7B4328D0F2DF001A299E /* Frameworks */,
				773D7B4428D0F2DF001A299E /* Resources */,
			);
			buildRules = (
			);
			dependencies = (
			);
			name = Strings;
			productName = Strings;
			productReference = 773D7B9128D0F7F6001A299E /* Strings.framework */;
			productType = "com.apple.product-type.framework";
		};
		773D7B4C28D0F2DF001A299E /* StringsTests */ = {
			isa = PBXNativeTarget;
			buildConfigurationList = 773D7B5828D0F2DF001A299E /* Build configuration list for PBXNativeTarget "StringsTests" */;
			buildPhases = (
				773D7B4928D0F2DF001A299E /* Sources */,
				773D7B4A28D0F2DF001A299E /* Frameworks */,
				773D7B4B28D0F2DF001A299E /* Resources */,
			);
			buildRules = (
			);
			dependencies = (
				773D7B5028D0F2DF001A299E /* PBXTargetDependency */,
			);
			name = StringsTests;
			productName = StringsTests;
			productReference = 773D7B9228D0F7F6001A299E /* StringsTests.xctest */;
			productType = "com.apple.product-type.bundle.unit-test";
		};
		77BF12AF28C99FB00027C22A /* Functions */ = {
			isa = PBXNativeTarget;
			buildConfigurationList = 77BF12C328C99FB00027C22A /* Build configuration list for PBXNativeTarget "Functions" */;
			buildPhases = (
				77BF12AB28C99FB00027C22A /* Headers */,
				77BF12AC28C99FB00027C22A /* Sources */,
				77BF12AD28C99FB00027C22A /* Frameworks */,
				77BF12AE28C99FB00027C22A /* Resources */,
			);
			buildRules = (
			);
			dependencies = (
			);
			name = Functions;
			productName = Functions;
			productReference = 773D7B8928D0F7F6001A299E /* Functions.framework */;
			productType = "com.apple.product-type.framework";
		};
		77BF12B628C99FB00027C22A /* FunctionsTests */ = {
			isa = PBXNativeTarget;
			buildConfigurationList = 77BF12C428C99FB00027C22A /* Build configuration list for PBXNativeTarget "FunctionsTests" */;
			buildPhases = (
				77BF12B328C99FB00027C22A /* Sources */,
				77BF12B428C99FB00027C22A /* Frameworks */,
				77BF12B528C99FB00027C22A /* Resources */,
			);
			buildRules = (
			);
			dependencies = (
				77BF12BA28C99FB00027C22A /* PBXTargetDependency */,
			);
			name = FunctionsTests;
			productName = FunctionsTests;
			productReference = 773D7B8A28D0F7F6001A299E /* FunctionsTests.xctest */;
			productType = "com.apple.product-type.bundle.unit-test";
		};
		77BF12E228CA58F60027C22A /* Conditional Structures */ = {
			isa = PBXNativeTarget;
			buildConfigurationList = 77BF12F628CA58F70027C22A /* Build configuration list for PBXNativeTarget "Conditional Structures" */;
			buildPhases = (
				77BF12DE28CA58F60027C22A /* Headers */,
				77BF12DF28CA58F60027C22A /* Sources */,
				77BF12E028CA58F60027C22A /* Frameworks */,
				77BF12E128CA58F60027C22A /* Resources */,
			);
			buildRules = (
			);
			dependencies = (
			);
			name = "Conditional Structures";
			productName = "Conditional Structures";
			productReference = 773D7B8B28D0F7F6001A299E /* Conditional_Structures.framework */;
			productType = "com.apple.product-type.framework";
		};
		77BF12E928CA58F60027C22A /* Conditional StructuresTests */ = {
			isa = PBXNativeTarget;
			buildConfigurationList = 77BF12F728CA58F70027C22A /* Build configuration list for PBXNativeTarget "Conditional StructuresTests" */;
			buildPhases = (
				77BF12E628CA58F60027C22A /* Sources */,
				77BF12E728CA58F60027C22A /* Frameworks */,
				77BF12E828CA58F60027C22A /* Resources */,
			);
			buildRules = (
			);
			dependencies = (
				77BF12ED28CA58F60027C22A /* PBXTargetDependency */,
			);
			name = "Conditional StructuresTests";
			productName = "Conditional StructuresTests";
			productReference = 773D7B8C28D0F7F6001A299E /* Conditional StructuresTests.xctest */;
			productType = "com.apple.product-type.bundle.unit-test";
		};
		77BF132B28CAA4A30027C22A /* Loops */ = {
			isa = PBXNativeTarget;
			buildConfigurationList = 77BF133B28CAA4A30027C22A /* Build configuration list for PBXNativeTarget "Loops" */;
			buildPhases = (
				77BF132728CAA4A30027C22A /* Headers */,
				77BF132828CAA4A30027C22A /* Sources */,
				77BF132928CAA4A30027C22A /* Frameworks */,
				77BF132A28CAA4A30027C22A /* Resources */,
			);
			buildRules = (
			);
			dependencies = (
			);
			name = Loops;
			productName = Loops;
			productReference = 773D7B8D28D0F7F6001A299E /* Loops.framework */;
			productType = "com.apple.product-type.framework";
		};
		77BF133228CAA4A30027C22A /* LoopsTests */ = {
			isa = PBXNativeTarget;
			buildConfigurationList = 77BF133E28CAA4A30027C22A /* Build configuration list for PBXNativeTarget "LoopsTests" */;
			buildPhases = (
				77BF132F28CAA4A30027C22A /* Sources */,
				77BF133028CAA4A30027C22A /* Frameworks */,
				77BF133128CAA4A30027C22A /* Resources */,
			);
			buildRules = (
			);
			dependencies = (
				77BF133628CAA4A30027C22A /* PBXTargetDependency */,
			);
			name = LoopsTests;
			productName = LoopsTests;
			productReference = 773D7B8E28D0F7F6001A299E /* LoopsTests.xctest */;
			productType = "com.apple.product-type.bundle.unit-test";
		};
		77BF137128CFE3CC0027C22A /* Arrays */ = {
			isa = PBXNativeTarget;
			buildConfigurationList = 77BF138128CFE3CC0027C22A /* Build configuration list for PBXNativeTarget "Arrays" */;
			buildPhases = (
				77BF136D28CFE3CC0027C22A /* Headers */,
				77BF136E28CFE3CC0027C22A /* Sources */,
				77BF136F28CFE3CC0027C22A /* Frameworks */,
				77BF137028CFE3CC0027C22A /* Resources */,
			);
			buildRules = (
			);
			dependencies = (
			);
			name = Arrays;
			productName = Arrays;
			productReference = 773D7B8F28D0F7F6001A299E /* Arrays.framework */;
			productType = "com.apple.product-type.framework";
		};
		77BF137828CFE3CC0027C22A /* ArraysTests */ = {
			isa = PBXNativeTarget;
			buildConfigurationList = 77BF138428CFE3CC0027C22A /* Build configuration list for PBXNativeTarget "ArraysTests" */;
			buildPhases = (
				77BF137528CFE3CC0027C22A /* Sources */,
				77BF137628CFE3CC0027C22A /* Frameworks */,
				77BF137728CFE3CC0027C22A /* Resources */,
			);
			buildRules = (
			);
			dependencies = (
				77BF137C28CFE3CC0027C22A /* PBXTargetDependency */,
			);
			name = ArraysTests;
			productName = ArraysTests;
			productReference = 773D7B9028D0F7F6001A299E /* ArraysTests.xctest */;
			productType = "com.apple.product-type.bundle.unit-test";
		};
/* End PBXNativeTarget section */

/* Begin PBXProject section */
		75F0805828C9227600139EF6 /* Project object */ = {
			isa = PBXProject;
			attributes = {
				LastSwiftUpdateCheck = 1400;
				LastUpgradeCheck = 1250;
				TargetAttributes = {
					75F0808C28C924F600139EF6 = {
						CreatedOnToolsVersion = 12.5.1;
						LastSwiftMigration = 1250;
					};
					75F0809428C924F600139EF6 = {
						CreatedOnToolsVersion = 12.5.1;
					};
					773D7B4528D0F2DF001A299E = {
						CreatedOnToolsVersion = 14.0;
						LastSwiftMigration = 1400;
					};
					773D7B4C28D0F2DF001A299E = {
						CreatedOnToolsVersion = 14.0;
					};
					77BF12AF28C99FB00027C22A = {
						CreatedOnToolsVersion = 13.4.1;
						LastSwiftMigration = 1340;
					};
					77BF12B628C99FB00027C22A = {
						CreatedOnToolsVersion = 13.4.1;
					};
					77BF12E228CA58F60027C22A = {
						CreatedOnToolsVersion = 13.4.1;
						LastSwiftMigration = 1340;
					};
					77BF12E928CA58F60027C22A = {
						CreatedOnToolsVersion = 13.4.1;
					};
					77BF132B28CAA4A30027C22A = {
						CreatedOnToolsVersion = 13.4.1;
						LastSwiftMigration = 1340;
					};
					77BF133228CAA4A30027C22A = {
						CreatedOnToolsVersion = 13.4.1;
					};
					77BF137128CFE3CC0027C22A = {
						CreatedOnToolsVersion = 13.4.1;
						LastSwiftMigration = 1340;
					};
					77BF137828CFE3CC0027C22A = {
						CreatedOnToolsVersion = 13.4.1;
					};
				};
			};
			buildConfigurationList = 75F0805B28C9227600139EF6 /* Build configuration list for PBXProject "ProgrammingLogicChallenges" */;
			compatibilityVersion = "Xcode 9.3";
			developmentRegion = en;
			hasScannedForEncodings = 0;
			knownRegions = (
				en,
				Base,
			);
			mainGroup = 75F0805728C9227600139EF6;
			productRefGroup = 75F0805728C9227600139EF6;
			projectDirPath = "";
			projectRoot = "";
			targets = (
				75F0808C28C924F600139EF6 /* Variables */,
				75F0809428C924F600139EF6 /* VariablesTests */,
				77BF12AF28C99FB00027C22A /* Functions */,
				77BF12B628C99FB00027C22A /* FunctionsTests */,
				77BF12E228CA58F60027C22A /* Conditional Structures */,
				77BF12E928CA58F60027C22A /* Conditional StructuresTests */,
				77BF132B28CAA4A30027C22A /* Loops */,
				77BF133228CAA4A30027C22A /* LoopsTests */,
				77BF137128CFE3CC0027C22A /* Arrays */,
				77BF137828CFE3CC0027C22A /* ArraysTests */,
				773D7B4528D0F2DF001A299E /* Strings */,
				773D7B4C28D0F2DF001A299E /* StringsTests */,
			);
		};
/* End PBXProject section */

/* Begin PBXResourcesBuildPhase section */
		75F0808B28C924F600139EF6 /* Resources */ = {
			isa = PBXResourcesBuildPhase;
			buildActionMask = 2147483647;
			files = (
			);
			runOnlyForDeploymentPostprocessing = 0;
		};
		75F0809328C924F600139EF6 /* Resources */ = {
			isa = PBXResourcesBuildPhase;
			buildActionMask = 2147483647;
			files = (
			);
			runOnlyForDeploymentPostprocessing = 0;
		};
		773D7B4428D0F2DF001A299E /* Resources */ = {
			isa = PBXResourcesBuildPhase;
			buildActionMask = 2147483647;
			files = (
				773D7B5C28D0F33F001A299E /* README.md in Resources */,
			);
			runOnlyForDeploymentPostprocessing = 0;
		};
		773D7B4B28D0F2DF001A299E /* Resources */ = {
			isa = PBXResourcesBuildPhase;
			buildActionMask = 2147483647;
			files = (
			);
			runOnlyForDeploymentPostprocessing = 0;
		};
		77BF12AE28C99FB00027C22A /* Resources */ = {
			isa = PBXResourcesBuildPhase;
			buildActionMask = 2147483647;
			files = (
				77BF12C728C9A0220027C22A /* README.md in Resources */,
			);
			runOnlyForDeploymentPostprocessing = 0;
		};
		77BF12B528C99FB00027C22A /* Resources */ = {
			isa = PBXResourcesBuildPhase;
			buildActionMask = 2147483647;
			files = (
			);
			runOnlyForDeploymentPostprocessing = 0;
		};
		77BF12E128CA58F60027C22A /* Resources */ = {
			isa = PBXResourcesBuildPhase;
			buildActionMask = 2147483647;
			files = (
				77BF12FC28CA59A80027C22A /* README.md in Resources */,
			);
			runOnlyForDeploymentPostprocessing = 0;
		};
		77BF12E828CA58F60027C22A /* Resources */ = {
			isa = PBXResourcesBuildPhase;
			buildActionMask = 2147483647;
			files = (
			);
			runOnlyForDeploymentPostprocessing = 0;
		};
		77BF132A28CAA4A30027C22A /* Resources */ = {
			isa = PBXResourcesBuildPhase;
			buildActionMask = 2147483647;
			files = (
			);
			runOnlyForDeploymentPostprocessing = 0;
		};
		77BF133128CAA4A30027C22A /* Resources */ = {
			isa = PBXResourcesBuildPhase;
			buildActionMask = 2147483647;
			files = (
			);
			runOnlyForDeploymentPostprocessing = 0;
		};
		77BF137028CFE3CC0027C22A /* Resources */ = {
			isa = PBXResourcesBuildPhase;
			buildActionMask = 2147483647;
			files = (
				77BF138828CFE4460027C22A /* README.md in Resources */,
			);
			runOnlyForDeploymentPostprocessing = 0;
		};
		77BF137728CFE3CC0027C22A /* Resources */ = {
			isa = PBXResourcesBuildPhase;
			buildActionMask = 2147483647;
			files = (
			);
			runOnlyForDeploymentPostprocessing = 0;
		};
/* End PBXResourcesBuildPhase section */

/* Begin PBXSourcesBuildPhase section */
		75F0808928C924F600139EF6 /* Sources */ = {
			isa = PBXSourcesBuildPhase;
			buildActionMask = 2147483647;
			files = (
				75F080B128C92FE000139EF6 /* 6.DiscoverTheDaysOfNMonths.swift in Sources */,
				75F080A928C9289800139EF6 /* 2.TwiceAnyNumber.swift in Sources */,
				75F080AD28C92CD300139EF6 /* 4.PredecessorAndSuccessorOfAnyNumber.swift in Sources */,
				75F080AB28C92ADE00139EF6 /* 3.SquareArea.swift in Sources */,
				75F080AF28C92E8600139EF6 /* 5.SimpleAverageOfThreeNumbers.swift in Sources */,
				75F080A628C925DD00139EF6 /* 1.SwapTheValueOfTwoVariables.swift in Sources */,
			);
			runOnlyForDeploymentPostprocessing = 0;
		};
		75F0809128C924F600139EF6 /* Sources */ = {
			isa = PBXSourcesBuildPhase;
			buildActionMask = 2147483647;
			files = (
				75F0809B28C924F600139EF6 /* VariablesTests.swift in Sources */,
			);
			runOnlyForDeploymentPostprocessing = 0;
		};
		773D7B4228D0F2DF001A299E /* Sources */ = {
			isa = PBXSourcesBuildPhase;
			buildActionMask = 2147483647;
			files = (
				773D7B5F28D0F4D5001A299E /* 1.CountString.swift in Sources */,
				773D7B6228D0F4E3001A299E /* 2.CountVowels.swift in Sources */,
				773D7B6428D0F4F3001A299E /* 3.CompareTwoStrings.swift in Sources */,
				773D7B6628D0F50B001A299E /* 4.ConcatenateTwoStrings.swift in Sources */,
				773D7B6828D0F51D001A299E /* 5.InvertString.swift in Sources */,
			);
			runOnlyForDeploymentPostprocessing = 0;
		};
		773D7B4928D0F2DF001A299E /* Sources */ = {
			isa = PBXSourcesBuildPhase;
			buildActionMask = 2147483647;
			files = (
				773D7B5328D0F2DF001A299E /* StringsTests.swift in Sources */,
			);
			runOnlyForDeploymentPostprocessing = 0;
		};
		77BF12AC28C99FB00027C22A /* Sources */ = {
			isa = PBXSourcesBuildPhase;
			buildActionMask = 2147483647;
			files = (
				77BF12CA28C9A0EF0027C22A /* 1.FunctionsForTheFourArithmeticOperations.swift in Sources */,
				77BF12DB28C9AD180027C22A /* 3.SimpleInterest.swift in Sources */,
				77BF12DD28C9B0160027C22A /* 4.ReadjustingTheSalary.swift in Sources */,
				77BF12D928C9A8C60027C22A /* 2.CostOfManufacturingACar.swift in Sources */,
			);
			runOnlyForDeploymentPostprocessing = 0;
		};
		77BF12B328C99FB00027C22A /* Sources */ = {
			isa = PBXSourcesBuildPhase;
			buildActionMask = 2147483647;
			files = (
				77BF12BD28C99FB00027C22A /* FunctionsTests.swift in Sources */,
			);
			runOnlyForDeploymentPostprocessing = 0;
		};
		77BF12DF28CA58F60027C22A /* Sources */ = {
			isa = PBXSourcesBuildPhase;
			buildActionMask = 2147483647;
			files = (
				77BF130228CA5BAE0027C22A /* 2.PositiveOrNegativeValue.swift in Sources */,
				77BF130628CA5C7E0027C22A /* 4.CelsiusFahrenheitConverter.swift in Sources */,
				77BF130828CA5CB20027C22A /* 5.SecondDegreeEquation.swift in Sources */,
				77BF130428CA5BDD0027C22A /* 3.GreaterThanTen.swift in Sources */,
				77BF12FF28CA5B6B0027C22A /* 1.OddOrEvenValue.swift in Sources */,
			);
			runOnlyForDeploymentPostprocessing = 0;
		};
		77BF12E628CA58F60027C22A /* Sources */ = {
			isa = PBXSourcesBuildPhase;
			buildActionMask = 2147483647;
			files = (
				77BF12F028CA58F60027C22A /* Conditional_StructuresTests.swift in Sources */,
			);
			runOnlyForDeploymentPostprocessing = 0;
		};
		77BF132828CAA4A30027C22A /* Sources */ = {
			isa = PBXSourcesBuildPhase;
			buildActionMask = 2147483647;
			files = (
				77BF134428CB8FFC0027C22A /* 1.PrimeNumber.swift in Sources */,
				77BF134928CB902F0027C22A /* 3.GreatestCommonDivisor.swift in Sources */,
				77BF134B28CB90560027C22A /* 4.LeastCommonMultiple.swift in Sources */,
				77BF134728CB900E0027C22A /* 2.AddDigits.swift in Sources */,
			);
			runOnlyForDeploymentPostprocessing = 0;
		};
		77BF132F28CAA4A30027C22A /* Sources */ = {
			isa = PBXSourcesBuildPhase;
			buildActionMask = 2147483647;
			files = (
				77BF133928CAA4A30027C22A /* LoopsTests.swift in Sources */,
			);
			runOnlyForDeploymentPostprocessing = 0;
		};
		77BF136E28CFE3CC0027C22A /* Sources */ = {
			isa = PBXSourcesBuildPhase;
			buildActionMask = 2147483647;
			files = (
				77BF139228CFE7670027C22A /* 4.HighestAndLowestVectorIndex.swift in Sources */,
				77BF138B28CFE70F0027C22A /* 1.AlgorithmToLoadAVector.swift in Sources */,
				77BF139028CFE7460027C22A /* 3.AlgorithmToCopyAVector.swift in Sources */,
				77BF139428CFE7830027C22A /* 5.RepeatedValuesInVector.swift in Sources */,
				77BF138E28CFE7270027C22A /* 2.AlgorithmToAddVector.swift in Sources */,
			);
			runOnlyForDeploymentPostprocessing = 0;
		};
		77BF137528CFE3CC0027C22A /* Sources */ = {
			isa = PBXSourcesBuildPhase;
			buildActionMask = 2147483647;
			files = (
				77BF137F28CFE3CC0027C22A /* ArraysTests.swift in Sources */,
			);
			runOnlyForDeploymentPostprocessing = 0;
		};
/* End PBXSourcesBuildPhase section */

/* Begin PBXTargetDependency section */
		75F0809828C924F600139EF6 /* PBXTargetDependency */ = {
			isa = PBXTargetDependency;
			target = 75F0808C28C924F600139EF6 /* Variables */;
			targetProxy = 75F0809728C924F600139EF6 /* PBXContainerItemProxy */;
		};
		773D7B5028D0F2DF001A299E /* PBXTargetDependency */ = {
			isa = PBXTargetDependency;
			target = 773D7B4528D0F2DF001A299E /* Strings */;
			targetProxy = 773D7B4F28D0F2DF001A299E /* PBXContainerItemProxy */;
		};
		77BF12BA28C99FB00027C22A /* PBXTargetDependency */ = {
			isa = PBXTargetDependency;
			target = 77BF12AF28C99FB00027C22A /* Functions */;
			targetProxy = 77BF12B928C99FB00027C22A /* PBXContainerItemProxy */;
		};
		77BF12ED28CA58F60027C22A /* PBXTargetDependency */ = {
			isa = PBXTargetDependency;
			target = 77BF12E228CA58F60027C22A /* Conditional Structures */;
			targetProxy = 77BF12EC28CA58F60027C22A /* PBXContainerItemProxy */;
		};
		77BF133628CAA4A30027C22A /* PBXTargetDependency */ = {
			isa = PBXTargetDependency;
			target = 77BF132B28CAA4A30027C22A /* Loops */;
			targetProxy = 77BF133528CAA4A30027C22A /* PBXContainerItemProxy */;
		};
		77BF137C28CFE3CC0027C22A /* PBXTargetDependency */ = {
			isa = PBXTargetDependency;
			target = 77BF137128CFE3CC0027C22A /* Arrays */;
			targetProxy = 77BF137B28CFE3CC0027C22A /* PBXContainerItemProxy */;
		};
/* End PBXTargetDependency section */

/* Begin XCBuildConfiguration section */
		75F0806728C9227600139EF6 /* Debug */ = {
			isa = XCBuildConfiguration;
			buildSettings = {
				ALWAYS_SEARCH_USER_PATHS = NO;
				CLANG_ANALYZER_NONNULL = YES;
				CLANG_ANALYZER_NUMBER_OBJECT_CONVERSION = YES_AGGRESSIVE;
				CLANG_CXX_LANGUAGE_STANDARD = "gnu++14";
				CLANG_CXX_LIBRARY = "libc++";
				CLANG_ENABLE_MODULES = YES;
				CLANG_ENABLE_OBJC_ARC = YES;
				CLANG_ENABLE_OBJC_WEAK = YES;
				CLANG_WARN_BLOCK_CAPTURE_AUTORELEASING = YES;
				CLANG_WARN_BOOL_CONVERSION = YES;
				CLANG_WARN_COMMA = YES;
				CLANG_WARN_CONSTANT_CONVERSION = YES;
				CLANG_WARN_DEPRECATED_OBJC_IMPLEMENTATIONS = YES;
				CLANG_WARN_DIRECT_OBJC_ISA_USAGE = YES_ERROR;
				CLANG_WARN_DOCUMENTATION_COMMENTS = YES;
				CLANG_WARN_EMPTY_BODY = YES;
				CLANG_WARN_ENUM_CONVERSION = YES;
				CLANG_WARN_INFINITE_RECURSION = YES;
				CLANG_WARN_INT_CONVERSION = YES;
				CLANG_WARN_NON_LITERAL_NULL_CONVERSION = YES;
				CLANG_WARN_OBJC_IMPLICIT_RETAIN_SELF = YES;
				CLANG_WARN_OBJC_LITERAL_CONVERSION = YES;
				CLANG_WARN_OBJC_ROOT_CLASS = YES_ERROR;
				CLANG_WARN_QUOTED_INCLUDE_IN_FRAMEWORK_HEADER = YES;
				CLANG_WARN_RANGE_LOOP_ANALYSIS = YES;
				CLANG_WARN_STRICT_PROTOTYPES = YES;
				CLANG_WARN_SUSPICIOUS_MOVE = YES;
				CLANG_WARN_UNGUARDED_AVAILABILITY = YES_AGGRESSIVE;
				CLANG_WARN_UNREACHABLE_CODE = YES;
				CLANG_WARN__DUPLICATE_METHOD_MATCH = YES;
				COPY_PHASE_STRIP = NO;
				CURRENT_PROJECT_VERSION = 1;
				DEBUG_INFORMATION_FORMAT = dwarf;
				ENABLE_STRICT_OBJC_MSGSEND = YES;
				ENABLE_TESTABILITY = YES;
				GCC_C_LANGUAGE_STANDARD = gnu11;
				GCC_DYNAMIC_NO_PIC = NO;
				GCC_NO_COMMON_BLOCKS = YES;
				GCC_OPTIMIZATION_LEVEL = 0;
				GCC_PREPROCESSOR_DEFINITIONS = (
					"DEBUG=1",
					"$(inherited)",
				);
				GCC_WARN_64_TO_32_BIT_CONVERSION = YES;
				GCC_WARN_ABOUT_RETURN_TYPE = YES_ERROR;
				GCC_WARN_UNDECLARED_SELECTOR = YES;
				GCC_WARN_UNINITIALIZED_AUTOS = YES_AGGRESSIVE;
				GCC_WARN_UNUSED_FUNCTION = YES;
				GCC_WARN_UNUSED_VARIABLE = YES;
				MACOSX_DEPLOYMENT_TARGET = 11.2;
				MTL_ENABLE_DEBUG_INFO = INCLUDE_SOURCE;
				MTL_FAST_MATH = YES;
				ONLY_ACTIVE_ARCH = YES;
				SDKROOT = macosx;
				SWIFT_ACTIVE_COMPILATION_CONDITIONS = DEBUG;
				SWIFT_OPTIMIZATION_LEVEL = "-Onone";
				VERSIONING_SYSTEM = "apple-generic";
				VERSION_INFO_PREFIX = "";
			};
			name = Debug;
		};
		75F0806828C9227600139EF6 /* Release */ = {
			isa = XCBuildConfiguration;
			buildSettings = {
				ALWAYS_SEARCH_USER_PATHS = NO;
				CLANG_ANALYZER_NONNULL = YES;
				CLANG_ANALYZER_NUMBER_OBJECT_CONVERSION = YES_AGGRESSIVE;
				CLANG_CXX_LANGUAGE_STANDARD = "gnu++14";
				CLANG_CXX_LIBRARY = "libc++";
				CLANG_ENABLE_MODULES = YES;
				CLANG_ENABLE_OBJC_ARC = YES;
				CLANG_ENABLE_OBJC_WEAK = YES;
				CLANG_WARN_BLOCK_CAPTURE_AUTORELEASING = YES;
				CLANG_WARN_BOOL_CONVERSION = YES;
				CLANG_WARN_COMMA = YES;
				CLANG_WARN_CONSTANT_CONVERSION = YES;
				CLANG_WARN_DEPRECATED_OBJC_IMPLEMENTATIONS = YES;
				CLANG_WARN_DIRECT_OBJC_ISA_USAGE = YES_ERROR;
				CLANG_WARN_DOCUMENTATION_COMMENTS = YES;
				CLANG_WARN_EMPTY_BODY = YES;
				CLANG_WARN_ENUM_CONVERSION = YES;
				CLANG_WARN_INFINITE_RECURSION = YES;
				CLANG_WARN_INT_CONVERSION = YES;
				CLANG_WARN_NON_LITERAL_NULL_CONVERSION = YES;
				CLANG_WARN_OBJC_IMPLICIT_RETAIN_SELF = YES;
				CLANG_WARN_OBJC_LITERAL_CONVERSION = YES;
				CLANG_WARN_OBJC_ROOT_CLASS = YES_ERROR;
				CLANG_WARN_QUOTED_INCLUDE_IN_FRAMEWORK_HEADER = YES;
				CLANG_WARN_RANGE_LOOP_ANALYSIS = YES;
				CLANG_WARN_STRICT_PROTOTYPES = YES;
				CLANG_WARN_SUSPICIOUS_MOVE = YES;
				CLANG_WARN_UNGUARDED_AVAILABILITY = YES_AGGRESSIVE;
				CLANG_WARN_UNREACHABLE_CODE = YES;
				CLANG_WARN__DUPLICATE_METHOD_MATCH = YES;
				COPY_PHASE_STRIP = NO;
				CURRENT_PROJECT_VERSION = 1;
				DEBUG_INFORMATION_FORMAT = "dwarf-with-dsym";
				ENABLE_NS_ASSERTIONS = NO;
				ENABLE_STRICT_OBJC_MSGSEND = YES;
				GCC_C_LANGUAGE_STANDARD = gnu11;
				GCC_NO_COMMON_BLOCKS = YES;
				GCC_WARN_64_TO_32_BIT_CONVERSION = YES;
				GCC_WARN_ABOUT_RETURN_TYPE = YES_ERROR;
				GCC_WARN_UNDECLARED_SELECTOR = YES;
				GCC_WARN_UNINITIALIZED_AUTOS = YES_AGGRESSIVE;
				GCC_WARN_UNUSED_FUNCTION = YES;
				GCC_WARN_UNUSED_VARIABLE = YES;
				MACOSX_DEPLOYMENT_TARGET = 11.2;
				MTL_ENABLE_DEBUG_INFO = NO;
				MTL_FAST_MATH = YES;
				SDKROOT = macosx;
				SWIFT_COMPILATION_MODE = wholemodule;
				SWIFT_OPTIMIZATION_LEVEL = "-O";
				VERSIONING_SYSTEM = "apple-generic";
				VERSION_INFO_PREFIX = "";
			};
			name = Release;
		};
		75F0809F28C924F600139EF6 /* Debug */ = {
			isa = XCBuildConfiguration;
			buildSettings = {
				CLANG_ENABLE_MODULES = YES;
				CODE_SIGN_STYLE = Automatic;
				COMBINE_HIDPI_IMAGES = YES;
				DEFINES_MODULE = YES;
				DYLIB_COMPATIBILITY_VERSION = 1;
				DYLIB_CURRENT_VERSION = 1;
				DYLIB_INSTALL_NAME_BASE = "@rpath";
				INFOPLIST_FILE = Variables/Info.plist;
				INSTALL_PATH = "$(LOCAL_LIBRARY_DIR)/Frameworks";
				LD_RUNPATH_SEARCH_PATHS = (
					"$(inherited)",
					"@executable_path/../Frameworks",
					"@loader_path/Frameworks",
				);
				PRODUCT_BUNDLE_IDENTIFIER = br.com.lucianaferreira.Variables;
				PRODUCT_NAME = "$(TARGET_NAME:c99extidentifier)";
				SKIP_INSTALL = YES;
				SWIFT_OPTIMIZATION_LEVEL = "-Onone";
				SWIFT_VERSION = 5.0;
			};
			name = Debug;
		};
		75F080A028C924F600139EF6 /* Release */ = {
			isa = XCBuildConfiguration;
			buildSettings = {
				CLANG_ENABLE_MODULES = YES;
				CODE_SIGN_STYLE = Automatic;
				COMBINE_HIDPI_IMAGES = YES;
				DEFINES_MODULE = YES;
				DYLIB_COMPATIBILITY_VERSION = 1;
				DYLIB_CURRENT_VERSION = 1;
				DYLIB_INSTALL_NAME_BASE = "@rpath";
				INFOPLIST_FILE = Variables/Info.plist;
				INSTALL_PATH = "$(LOCAL_LIBRARY_DIR)/Frameworks";
				LD_RUNPATH_SEARCH_PATHS = (
					"$(inherited)",
					"@executable_path/../Frameworks",
					"@loader_path/Frameworks",
				);
				PRODUCT_BUNDLE_IDENTIFIER = br.com.lucianaferreira.Variables;
				PRODUCT_NAME = "$(TARGET_NAME:c99extidentifier)";
				SKIP_INSTALL = YES;
				SWIFT_VERSION = 5.0;
			};
			name = Release;
		};
		75F080A228C924F600139EF6 /* Debug */ = {
			isa = XCBuildConfiguration;
			buildSettings = {
				ALWAYS_EMBED_SWIFT_STANDARD_LIBRARIES = YES;
				CODE_SIGN_STYLE = Automatic;
				COMBINE_HIDPI_IMAGES = YES;
				INFOPLIST_FILE = VariablesTests/Info.plist;
				LD_RUNPATH_SEARCH_PATHS = (
					"$(inherited)",
					"@executable_path/../Frameworks",
					"@loader_path/../Frameworks",
				);
				PRODUCT_BUNDLE_IDENTIFIER = br.com.lucianaferreira.VariablesTests;
				PRODUCT_NAME = "$(TARGET_NAME)";
				SWIFT_VERSION = 5.0;
			};
			name = Debug;
		};
		75F080A328C924F600139EF6 /* Release */ = {
			isa = XCBuildConfiguration;
			buildSettings = {
				ALWAYS_EMBED_SWIFT_STANDARD_LIBRARIES = YES;
				CODE_SIGN_STYLE = Automatic;
				COMBINE_HIDPI_IMAGES = YES;
				INFOPLIST_FILE = VariablesTests/Info.plist;
				LD_RUNPATH_SEARCH_PATHS = (
					"$(inherited)",
					"@executable_path/../Frameworks",
					"@loader_path/../Frameworks",
				);
				PRODUCT_BUNDLE_IDENTIFIER = br.com.lucianaferreira.VariablesTests;
				PRODUCT_NAME = "$(TARGET_NAME)";
				SWIFT_VERSION = 5.0;
			};
			name = Release;
		};
		773D7B5628D0F2DF001A299E /* Debug */ = {
			isa = XCBuildConfiguration;
			buildSettings = {
				CLANG_CXX_LANGUAGE_STANDARD = "gnu++20";
				CLANG_ENABLE_MODULES = YES;
				CODE_SIGN_STYLE = Automatic;
				COMBINE_HIDPI_IMAGES = YES;
				CURRENT_PROJECT_VERSION = 1;
				DEFINES_MODULE = YES;
				DYLIB_COMPATIBILITY_VERSION = 1;
				DYLIB_CURRENT_VERSION = 1;
				DYLIB_INSTALL_NAME_BASE = "@rpath";
				GENERATE_INFOPLIST_FILE = YES;
				INFOPLIST_KEY_NSHumanReadableCopyright = "";
				INSTALL_PATH = "$(LOCAL_LIBRARY_DIR)/Frameworks";
				LD_RUNPATH_SEARCH_PATHS = (
					"$(inherited)",
					"@executable_path/../Frameworks",
					"@loader_path/Frameworks",
				);
				MACOSX_DEPLOYMENT_TARGET = 11.2;
				MARKETING_VERSION = 1.0;
				PRODUCT_BUNDLE_IDENTIFIER = br.com.rafaelescaleira.Strings;
				PRODUCT_NAME = "$(TARGET_NAME:c99extidentifier)";
				SKIP_INSTALL = YES;
				SWIFT_EMIT_LOC_STRINGS = YES;
				SWIFT_OPTIMIZATION_LEVEL = "-Onone";
				SWIFT_VERSION = 5.0;
			};
			name = Debug;
		};
		773D7B5728D0F2DF001A299E /* Release */ = {
			isa = XCBuildConfiguration;
			buildSettings = {
				CLANG_CXX_LANGUAGE_STANDARD = "gnu++20";
				CLANG_ENABLE_MODULES = YES;
				CODE_SIGN_STYLE = Automatic;
				COMBINE_HIDPI_IMAGES = YES;
				CURRENT_PROJECT_VERSION = 1;
				DEFINES_MODULE = YES;
				DYLIB_COMPATIBILITY_VERSION = 1;
				DYLIB_CURRENT_VERSION = 1;
				DYLIB_INSTALL_NAME_BASE = "@rpath";
				GENERATE_INFOPLIST_FILE = YES;
				INFOPLIST_KEY_NSHumanReadableCopyright = "";
				INSTALL_PATH = "$(LOCAL_LIBRARY_DIR)/Frameworks";
				LD_RUNPATH_SEARCH_PATHS = (
					"$(inherited)",
					"@executable_path/../Frameworks",
					"@loader_path/Frameworks",
				);
				MACOSX_DEPLOYMENT_TARGET = 11.2;
				MARKETING_VERSION = 1.0;
				PRODUCT_BUNDLE_IDENTIFIER = br.com.rafaelescaleira.Strings;
				PRODUCT_NAME = "$(TARGET_NAME:c99extidentifier)";
				SKIP_INSTALL = YES;
				SWIFT_EMIT_LOC_STRINGS = YES;
				SWIFT_VERSION = 5.0;
			};
			name = Release;
		};
		773D7B5928D0F2DF001A299E /* Debug */ = {
			isa = XCBuildConfiguration;
			buildSettings = {
				ALWAYS_EMBED_SWIFT_STANDARD_LIBRARIES = YES;
				CLANG_CXX_LANGUAGE_STANDARD = "gnu++20";
				CODE_SIGN_STYLE = Automatic;
				COMBINE_HIDPI_IMAGES = YES;
				CURRENT_PROJECT_VERSION = 1;
				GENERATE_INFOPLIST_FILE = YES;
				MACOSX_DEPLOYMENT_TARGET = 11.2;
				MARKETING_VERSION = 1.0;
				PRODUCT_BUNDLE_IDENTIFIER = br.com.rafaelescaleira.StringsTests;
				PRODUCT_NAME = "$(TARGET_NAME)";
				SWIFT_EMIT_LOC_STRINGS = NO;
				SWIFT_VERSION = 5.0;
			};
			name = Debug;
		};
		773D7B5A28D0F2DF001A299E /* Release */ = {
			isa = XCBuildConfiguration;
			buildSettings = {
				ALWAYS_EMBED_SWIFT_STANDARD_LIBRARIES = YES;
				CLANG_CXX_LANGUAGE_STANDARD = "gnu++20";
				CODE_SIGN_STYLE = Automatic;
				COMBINE_HIDPI_IMAGES = YES;
				CURRENT_PROJECT_VERSION = 1;
				GENERATE_INFOPLIST_FILE = YES;
				MACOSX_DEPLOYMENT_TARGET = 11.2;
				MARKETING_VERSION = 1.0;
				PRODUCT_BUNDLE_IDENTIFIER = br.com.rafaelescaleira.StringsTests;
				PRODUCT_NAME = "$(TARGET_NAME)";
				SWIFT_EMIT_LOC_STRINGS = NO;
				SWIFT_VERSION = 5.0;
			};
			name = Release;
		};
		77BF12BF28C99FB00027C22A /* Debug */ = {
			isa = XCBuildConfiguration;
			buildSettings = {
				CLANG_CXX_LANGUAGE_STANDARD = "gnu++17";
				CLANG_ENABLE_MODULES = YES;
				CODE_SIGN_STYLE = Automatic;
				COMBINE_HIDPI_IMAGES = YES;
				CURRENT_PROJECT_VERSION = 1;
				DEFINES_MODULE = YES;
				DYLIB_COMPATIBILITY_VERSION = 1;
				DYLIB_CURRENT_VERSION = 1;
				DYLIB_INSTALL_NAME_BASE = "@rpath";
				GENERATE_INFOPLIST_FILE = YES;
				INFOPLIST_KEY_NSHumanReadableCopyright = "";
				INSTALL_PATH = "$(LOCAL_LIBRARY_DIR)/Frameworks";
				LD_RUNPATH_SEARCH_PATHS = (
					"$(inherited)",
					"@executable_path/../Frameworks",
					"@loader_path/Frameworks",
				);
				MACOSX_DEPLOYMENT_TARGET = 11.2;
				MARKETING_VERSION = 1.0;
				PRODUCT_BUNDLE_IDENTIFIER = br.com.rafaelescaleira.Functions;
				PRODUCT_NAME = "$(TARGET_NAME:c99extidentifier)";
				SKIP_INSTALL = YES;
				SWIFT_EMIT_LOC_STRINGS = YES;
				SWIFT_OPTIMIZATION_LEVEL = "-Onone";
				SWIFT_VERSION = 5.0;
			};
			name = Debug;
		};
		77BF12C028C99FB00027C22A /* Release */ = {
			isa = XCBuildConfiguration;
			buildSettings = {
				CLANG_CXX_LANGUAGE_STANDARD = "gnu++17";
				CLANG_ENABLE_MODULES = YES;
				CODE_SIGN_STYLE = Automatic;
				COMBINE_HIDPI_IMAGES = YES;
				CURRENT_PROJECT_VERSION = 1;
				DEFINES_MODULE = YES;
				DYLIB_COMPATIBILITY_VERSION = 1;
				DYLIB_CURRENT_VERSION = 1;
				DYLIB_INSTALL_NAME_BASE = "@rpath";
				GENERATE_INFOPLIST_FILE = YES;
				INFOPLIST_KEY_NSHumanReadableCopyright = "";
				INSTALL_PATH = "$(LOCAL_LIBRARY_DIR)/Frameworks";
				LD_RUNPATH_SEARCH_PATHS = (
					"$(inherited)",
					"@executable_path/../Frameworks",
					"@loader_path/Frameworks",
				);
				MACOSX_DEPLOYMENT_TARGET = 11.2;
				MARKETING_VERSION = 1.0;
				PRODUCT_BUNDLE_IDENTIFIER = br.com.rafaelescaleira.Functions;
				PRODUCT_NAME = "$(TARGET_NAME:c99extidentifier)";
				SKIP_INSTALL = YES;
				SWIFT_EMIT_LOC_STRINGS = YES;
				SWIFT_VERSION = 5.0;
			};
			name = Release;
		};
		77BF12C128C99FB00027C22A /* Debug */ = {
			isa = XCBuildConfiguration;
			buildSettings = {
				ALWAYS_EMBED_SWIFT_STANDARD_LIBRARIES = YES;
				CLANG_CXX_LANGUAGE_STANDARD = "gnu++17";
				CODE_SIGN_STYLE = Automatic;
				COMBINE_HIDPI_IMAGES = YES;
				CURRENT_PROJECT_VERSION = 1;
				GENERATE_INFOPLIST_FILE = YES;
				MACOSX_DEPLOYMENT_TARGET = 11.2;
				MARKETING_VERSION = 1.0;
				PRODUCT_BUNDLE_IDENTIFIER = br.com.rafaelescaleira.FunctionsTests;
				PRODUCT_NAME = "$(TARGET_NAME)";
				SWIFT_EMIT_LOC_STRINGS = NO;
				SWIFT_VERSION = 5.0;
			};
			name = Debug;
		};
		77BF12C228C99FB00027C22A /* Release */ = {
			isa = XCBuildConfiguration;
			buildSettings = {
				ALWAYS_EMBED_SWIFT_STANDARD_LIBRARIES = YES;
				CLANG_CXX_LANGUAGE_STANDARD = "gnu++17";
				CODE_SIGN_STYLE = Automatic;
				COMBINE_HIDPI_IMAGES = YES;
				CURRENT_PROJECT_VERSION = 1;
				GENERATE_INFOPLIST_FILE = YES;
				MACOSX_DEPLOYMENT_TARGET = 11.2;
				MARKETING_VERSION = 1.0;
				PRODUCT_BUNDLE_IDENTIFIER = br.com.rafaelescaleira.FunctionsTests;
				PRODUCT_NAME = "$(TARGET_NAME)";
				SWIFT_EMIT_LOC_STRINGS = NO;
				SWIFT_VERSION = 5.0;
			};
			name = Release;
		};
		77BF12F228CA58F60027C22A /* Debug */ = {
			isa = XCBuildConfiguration;
			buildSettings = {
				CLANG_CXX_LANGUAGE_STANDARD = "gnu++17";
				CLANG_ENABLE_MODULES = YES;
				CODE_SIGN_STYLE = Automatic;
				COMBINE_HIDPI_IMAGES = YES;
				CURRENT_PROJECT_VERSION = 1;
				DEFINES_MODULE = YES;
				DYLIB_COMPATIBILITY_VERSION = 1;
				DYLIB_CURRENT_VERSION = 1;
				DYLIB_INSTALL_NAME_BASE = "@rpath";
				GENERATE_INFOPLIST_FILE = YES;
				INFOPLIST_KEY_NSHumanReadableCopyright = "";
				INSTALL_PATH = "$(LOCAL_LIBRARY_DIR)/Frameworks";
				LD_RUNPATH_SEARCH_PATHS = (
					"$(inherited)",
					"@executable_path/../Frameworks",
					"@loader_path/Frameworks",
				);
				MACOSX_DEPLOYMENT_TARGET = 11.2;
				MARKETING_VERSION = 1.0;
				PRODUCT_BUNDLE_IDENTIFIER = "br.com.rafaelescaleira.Conditional-Structures";
				PRODUCT_NAME = "$(TARGET_NAME:c99extidentifier)";
				SKIP_INSTALL = YES;
				SWIFT_EMIT_LOC_STRINGS = YES;
				SWIFT_OPTIMIZATION_LEVEL = "-Onone";
				SWIFT_VERSION = 5.0;
			};
			name = Debug;
		};
		77BF12F328CA58F60027C22A /* Release */ = {
			isa = XCBuildConfiguration;
			buildSettings = {
				CLANG_CXX_LANGUAGE_STANDARD = "gnu++17";
				CLANG_ENABLE_MODULES = YES;
				CODE_SIGN_STYLE = Automatic;
				COMBINE_HIDPI_IMAGES = YES;
				CURRENT_PROJECT_VERSION = 1;
				DEFINES_MODULE = YES;
				DYLIB_COMPATIBILITY_VERSION = 1;
				DYLIB_CURRENT_VERSION = 1;
				DYLIB_INSTALL_NAME_BASE = "@rpath";
				GENERATE_INFOPLIST_FILE = YES;
				INFOPLIST_KEY_NSHumanReadableCopyright = "";
				INSTALL_PATH = "$(LOCAL_LIBRARY_DIR)/Frameworks";
				LD_RUNPATH_SEARCH_PATHS = (
					"$(inherited)",
					"@executable_path/../Frameworks",
					"@loader_path/Frameworks",
				);
				MACOSX_DEPLOYMENT_TARGET = 11.2;
				MARKETING_VERSION = 1.0;
				PRODUCT_BUNDLE_IDENTIFIER = "br.com.rafaelescaleira.Conditional-Structures";
				PRODUCT_NAME = "$(TARGET_NAME:c99extidentifier)";
				SKIP_INSTALL = YES;
				SWIFT_EMIT_LOC_STRINGS = YES;
				SWIFT_VERSION = 5.0;
			};
			name = Release;
		};
		77BF12F428CA58F60027C22A /* Debug */ = {
			isa = XCBuildConfiguration;
			buildSettings = {
				ALWAYS_EMBED_SWIFT_STANDARD_LIBRARIES = YES;
				CLANG_CXX_LANGUAGE_STANDARD = "gnu++17";
				CODE_SIGN_STYLE = Automatic;
				COMBINE_HIDPI_IMAGES = YES;
				CURRENT_PROJECT_VERSION = 1;
				GENERATE_INFOPLIST_FILE = YES;
				MACOSX_DEPLOYMENT_TARGET = 11.2;
				MARKETING_VERSION = 1.0;
				PRODUCT_BUNDLE_IDENTIFIER = "br.com.rafaelescaleira.Conditional-StructuresTests";
				PRODUCT_NAME = "$(TARGET_NAME)";
				SWIFT_EMIT_LOC_STRINGS = NO;
				SWIFT_VERSION = 5.0;
			};
			name = Debug;
		};
		77BF12F528CA58F60027C22A /* Release */ = {
			isa = XCBuildConfiguration;
			buildSettings = {
				ALWAYS_EMBED_SWIFT_STANDARD_LIBRARIES = YES;
				CLANG_CXX_LANGUAGE_STANDARD = "gnu++17";
				CODE_SIGN_STYLE = Automatic;
				COMBINE_HIDPI_IMAGES = YES;
				CURRENT_PROJECT_VERSION = 1;
				GENERATE_INFOPLIST_FILE = YES;
				MACOSX_DEPLOYMENT_TARGET = 11.2;
				MARKETING_VERSION = 1.0;
				PRODUCT_BUNDLE_IDENTIFIER = "br.com.rafaelescaleira.Conditional-StructuresTests";
				PRODUCT_NAME = "$(TARGET_NAME)";
				SWIFT_EMIT_LOC_STRINGS = NO;
				SWIFT_VERSION = 5.0;
			};
			name = Release;
		};
		77BF133C28CAA4A30027C22A /* Debug */ = {
			isa = XCBuildConfiguration;
			buildSettings = {
				CLANG_CXX_LANGUAGE_STANDARD = "gnu++17";
				CLANG_ENABLE_MODULES = YES;
				CODE_SIGN_STYLE = Automatic;
				COMBINE_HIDPI_IMAGES = YES;
				CURRENT_PROJECT_VERSION = 1;
				DEFINES_MODULE = YES;
				DYLIB_COMPATIBILITY_VERSION = 1;
				DYLIB_CURRENT_VERSION = 1;
				DYLIB_INSTALL_NAME_BASE = "@rpath";
				GENERATE_INFOPLIST_FILE = YES;
				INFOPLIST_KEY_NSHumanReadableCopyright = "";
				INSTALL_PATH = "$(LOCAL_LIBRARY_DIR)/Frameworks";
				LD_RUNPATH_SEARCH_PATHS = (
					"$(inherited)",
					"@executable_path/../Frameworks",
					"@loader_path/Frameworks",
				);
				MACOSX_DEPLOYMENT_TARGET = 11.2;
				MARKETING_VERSION = 1.0;
				PRODUCT_BUNDLE_IDENTIFIER = br.com.rafaelescaleira.Loops;
				PRODUCT_NAME = "$(TARGET_NAME:c99extidentifier)";
				SKIP_INSTALL = YES;
				SWIFT_EMIT_LOC_STRINGS = YES;
				SWIFT_OPTIMIZATION_LEVEL = "-Onone";
				SWIFT_VERSION = 5.0;
			};
			name = Debug;
		};
		77BF133D28CAA4A30027C22A /* Release */ = {
			isa = XCBuildConfiguration;
			buildSettings = {
				CLANG_CXX_LANGUAGE_STANDARD = "gnu++17";
				CLANG_ENABLE_MODULES = YES;
				CODE_SIGN_STYLE = Automatic;
				COMBINE_HIDPI_IMAGES = YES;
				CURRENT_PROJECT_VERSION = 1;
				DEFINES_MODULE = YES;
				DYLIB_COMPATIBILITY_VERSION = 1;
				DYLIB_CURRENT_VERSION = 1;
				DYLIB_INSTALL_NAME_BASE = "@rpath";
				GENERATE_INFOPLIST_FILE = YES;
				INFOPLIST_KEY_NSHumanReadableCopyright = "";
				INSTALL_PATH = "$(LOCAL_LIBRARY_DIR)/Frameworks";
				LD_RUNPATH_SEARCH_PATHS = (
					"$(inherited)",
					"@executable_path/../Frameworks",
					"@loader_path/Frameworks",
				);
				MACOSX_DEPLOYMENT_TARGET = 11.2;
				MARKETING_VERSION = 1.0;
				PRODUCT_BUNDLE_IDENTIFIER = br.com.rafaelescaleira.Loops;
				PRODUCT_NAME = "$(TARGET_NAME:c99extidentifier)";
				SKIP_INSTALL = YES;
				SWIFT_EMIT_LOC_STRINGS = YES;
				SWIFT_VERSION = 5.0;
			};
			name = Release;
		};
		77BF133F28CAA4A30027C22A /* Debug */ = {
			isa = XCBuildConfiguration;
			buildSettings = {
				ALWAYS_EMBED_SWIFT_STANDARD_LIBRARIES = YES;
				CLANG_CXX_LANGUAGE_STANDARD = "gnu++17";
				CODE_SIGN_STYLE = Automatic;
				COMBINE_HIDPI_IMAGES = YES;
				CURRENT_PROJECT_VERSION = 1;
				GENERATE_INFOPLIST_FILE = YES;
				MACOSX_DEPLOYMENT_TARGET = 11.2;
				MARKETING_VERSION = 1.0;
				PRODUCT_BUNDLE_IDENTIFIER = br.com.rafaelescaleira.LoopsTests;
				PRODUCT_NAME = "$(TARGET_NAME)";
				SWIFT_EMIT_LOC_STRINGS = NO;
				SWIFT_VERSION = 5.0;
			};
			name = Debug;
		};
		77BF134028CAA4A30027C22A /* Release */ = {
			isa = XCBuildConfiguration;
			buildSettings = {
				ALWAYS_EMBED_SWIFT_STANDARD_LIBRARIES = YES;
				CLANG_CXX_LANGUAGE_STANDARD = "gnu++17";
				CODE_SIGN_STYLE = Automatic;
				COMBINE_HIDPI_IMAGES = YES;
				CURRENT_PROJECT_VERSION = 1;
				GENERATE_INFOPLIST_FILE = YES;
				MACOSX_DEPLOYMENT_TARGET = 11.2;
				MARKETING_VERSION = 1.0;
				PRODUCT_BUNDLE_IDENTIFIER = br.com.rafaelescaleira.LoopsTests;
				PRODUCT_NAME = "$(TARGET_NAME)";
				SWIFT_EMIT_LOC_STRINGS = NO;
				SWIFT_VERSION = 5.0;
			};
			name = Release;
		};
		77BF138228CFE3CC0027C22A /* Debug */ = {
			isa = XCBuildConfiguration;
			buildSettings = {
				CLANG_CXX_LANGUAGE_STANDARD = "gnu++17";
				CLANG_ENABLE_MODULES = YES;
				CODE_SIGN_STYLE = Automatic;
				COMBINE_HIDPI_IMAGES = YES;
				CURRENT_PROJECT_VERSION = 1;
				DEFINES_MODULE = YES;
				DYLIB_COMPATIBILITY_VERSION = 1;
				DYLIB_CURRENT_VERSION = 1;
				DYLIB_INSTALL_NAME_BASE = "@rpath";
				GENERATE_INFOPLIST_FILE = YES;
				INFOPLIST_KEY_NSHumanReadableCopyright = "";
				INSTALL_PATH = "$(LOCAL_LIBRARY_DIR)/Frameworks";
				LD_RUNPATH_SEARCH_PATHS = (
					"$(inherited)",
					"@executable_path/../Frameworks",
					"@loader_path/Frameworks",
				);
				MACOSX_DEPLOYMENT_TARGET = 11.2;
				MARKETING_VERSION = 1.0;
				PRODUCT_BUNDLE_IDENTIFIER = br.com.rafaelescaleira.Arrays;
				PRODUCT_NAME = "$(TARGET_NAME:c99extidentifier)";
				SKIP_INSTALL = YES;
				SWIFT_EMIT_LOC_STRINGS = YES;
				SWIFT_OPTIMIZATION_LEVEL = "-Onone";
				SWIFT_VERSION = 5.0;
			};
			name = Debug;
		};
		77BF138328CFE3CC0027C22A /* Release */ = {
			isa = XCBuildConfiguration;
			buildSettings = {
				CLANG_CXX_LANGUAGE_STANDARD = "gnu++17";
				CLANG_ENABLE_MODULES = YES;
				CODE_SIGN_STYLE = Automatic;
				COMBINE_HIDPI_IMAGES = YES;
				CURRENT_PROJECT_VERSION = 1;
				DEFINES_MODULE = YES;
				DYLIB_COMPATIBILITY_VERSION = 1;
				DYLIB_CURRENT_VERSION = 1;
				DYLIB_INSTALL_NAME_BASE = "@rpath";
				GENERATE_INFOPLIST_FILE = YES;
				INFOPLIST_KEY_NSHumanReadableCopyright = "";
				INSTALL_PATH = "$(LOCAL_LIBRARY_DIR)/Frameworks";
				LD_RUNPATH_SEARCH_PATHS = (
					"$(inherited)",
					"@executable_path/../Frameworks",
					"@loader_path/Frameworks",
				);
				MACOSX_DEPLOYMENT_TARGET = 11.2;
				MARKETING_VERSION = 1.0;
				PRODUCT_BUNDLE_IDENTIFIER = br.com.rafaelescaleira.Arrays;
				PRODUCT_NAME = "$(TARGET_NAME:c99extidentifier)";
				SKIP_INSTALL = YES;
				SWIFT_EMIT_LOC_STRINGS = YES;
				SWIFT_VERSION = 5.0;
			};
			name = Release;
		};
		77BF138528CFE3CC0027C22A /* Debug */ = {
			isa = XCBuildConfiguration;
			buildSettings = {
				ALWAYS_EMBED_SWIFT_STANDARD_LIBRARIES = YES;
				CLANG_CXX_LANGUAGE_STANDARD = "gnu++17";
				CODE_SIGN_STYLE = Automatic;
				COMBINE_HIDPI_IMAGES = YES;
				CURRENT_PROJECT_VERSION = 1;
				GENERATE_INFOPLIST_FILE = YES;
				MACOSX_DEPLOYMENT_TARGET = 11.2;
				MARKETING_VERSION = 1.0;
				PRODUCT_BUNDLE_IDENTIFIER = br.com.rafaelescaleira.ArraysTests;
				PRODUCT_NAME = "$(TARGET_NAME)";
				SWIFT_EMIT_LOC_STRINGS = NO;
				SWIFT_VERSION = 5.0;
			};
			name = Debug;
		};
		77BF138628CFE3CC0027C22A /* Release */ = {
			isa = XCBuildConfiguration;
			buildSettings = {
				ALWAYS_EMBED_SWIFT_STANDARD_LIBRARIES = YES;
				CLANG_CXX_LANGUAGE_STANDARD = "gnu++17";
				CODE_SIGN_STYLE = Automatic;
				COMBINE_HIDPI_IMAGES = YES;
				CURRENT_PROJECT_VERSION = 1;
				GENERATE_INFOPLIST_FILE = YES;
				MACOSX_DEPLOYMENT_TARGET = 11.2;
				MARKETING_VERSION = 1.0;
				PRODUCT_BUNDLE_IDENTIFIER = br.com.rafaelescaleira.ArraysTests;
				PRODUCT_NAME = "$(TARGET_NAME)";
				SWIFT_EMIT_LOC_STRINGS = NO;
				SWIFT_VERSION = 5.0;
			};
			name = Release;
		};
/* End XCBuildConfiguration section */

/* Begin XCConfigurationList section */
		75F0805B28C9227600139EF6 /* Build configuration list for PBXProject "ProgrammingLogicChallenges" */ = {
			isa = XCConfigurationList;
			buildConfigurations = (
				75F0806728C9227600139EF6 /* Debug */,
				75F0806828C9227600139EF6 /* Release */,
			);
			defaultConfigurationIsVisible = 0;
			defaultConfigurationName = Release;
		};
		75F0809E28C924F600139EF6 /* Build configuration list for PBXNativeTarget "Variables" */ = {
			isa = XCConfigurationList;
			buildConfigurations = (
				75F0809F28C924F600139EF6 /* Debug */,
				75F080A028C924F600139EF6 /* Release */,
			);
			defaultConfigurationIsVisible = 0;
			defaultConfigurationName = Release;
		};
		75F080A128C924F600139EF6 /* Build configuration list for PBXNativeTarget "VariablesTests" */ = {
			isa = XCConfigurationList;
			buildConfigurations = (
				75F080A228C924F600139EF6 /* Debug */,
				75F080A328C924F600139EF6 /* Release */,
			);
			defaultConfigurationIsVisible = 0;
			defaultConfigurationName = Release;
		};
		773D7B5528D0F2DF001A299E /* Build configuration list for PBXNativeTarget "Strings" */ = {
			isa = XCConfigurationList;
			buildConfigurations = (
				773D7B5628D0F2DF001A299E /* Debug */,
				773D7B5728D0F2DF001A299E /* Release */,
			);
			defaultConfigurationIsVisible = 0;
			defaultConfigurationName = Release;
		};
		773D7B5828D0F2DF001A299E /* Build configuration list for PBXNativeTarget "StringsTests" */ = {
			isa = XCConfigurationList;
			buildConfigurations = (
				773D7B5928D0F2DF001A299E /* Debug */,
				773D7B5A28D0F2DF001A299E /* Release */,
			);
			defaultConfigurationIsVisible = 0;
			defaultConfigurationName = Release;
		};
		77BF12C328C99FB00027C22A /* Build configuration list for PBXNativeTarget "Functions" */ = {
			isa = XCConfigurationList;
			buildConfigurations = (
				77BF12BF28C99FB00027C22A /* Debug */,
				77BF12C028C99FB00027C22A /* Release */,
			);
			defaultConfigurationIsVisible = 0;
			defaultConfigurationName = Release;
		};
		77BF12C428C99FB00027C22A /* Build configuration list for PBXNativeTarget "FunctionsTests" */ = {
			isa = XCConfigurationList;
			buildConfigurations = (
				77BF12C128C99FB00027C22A /* Debug */,
				77BF12C228C99FB00027C22A /* Release */,
			);
			defaultConfigurationIsVisible = 0;
			defaultConfigurationName = Release;
		};
		77BF12F628CA58F70027C22A /* Build configuration list for PBXNativeTarget "Conditional Structures" */ = {
			isa = XCConfigurationList;
			buildConfigurations = (
				77BF12F228CA58F60027C22A /* Debug */,
				77BF12F328CA58F60027C22A /* Release */,
			);
			defaultConfigurationIsVisible = 0;
			defaultConfigurationName = Release;
		};
		77BF12F728CA58F70027C22A /* Build configuration list for PBXNativeTarget "Conditional StructuresTests" */ = {
			isa = XCConfigurationList;
			buildConfigurations = (
				77BF12F428CA58F60027C22A /* Debug */,
				77BF12F528CA58F60027C22A /* Release */,
			);
			defaultConfigurationIsVisible = 0;
			defaultConfigurationName = Release;
		};
		77BF133B28CAA4A30027C22A /* Build configuration list for PBXNativeTarget "Loops" */ = {
			isa = XCConfigurationList;
			buildConfigurations = (
				77BF133C28CAA4A30027C22A /* Debug */,
				77BF133D28CAA4A30027C22A /* Release */,
			);
			defaultConfigurationIsVisible = 0;
			defaultConfigurationName = Release;
		};
		77BF133E28CAA4A30027C22A /* Build configuration list for PBXNativeTarget "LoopsTests" */ = {
			isa = XCConfigurationList;
			buildConfigurations = (
				77BF133F28CAA4A30027C22A /* Debug */,
				77BF134028CAA4A30027C22A /* Release */,
			);
			defaultConfigurationIsVisible = 0;
			defaultConfigurationName = Release;
		};
		77BF138128CFE3CC0027C22A /* Build configuration list for PBXNativeTarget "Arrays" */ = {
			isa = XCConfigurationList;
			buildConfigurations = (
				77BF138228CFE3CC0027C22A /* Debug */,
				77BF138328CFE3CC0027C22A /* Release */,
			);
			defaultConfigurationIsVisible = 0;
			defaultConfigurationName = Release;
		};
		77BF138428CFE3CC0027C22A /* Build configuration list for PBXNativeTarget "ArraysTests" */ = {
			isa = XCConfigurationList;
			buildConfigurations = (
				77BF138528CFE3CC0027C22A /* Debug */,
				77BF138628CFE3CC0027C22A /* Release */,
			);
			defaultConfigurationIsVisible = 0;
			defaultConfigurationName = Release;
		};
/* End XCConfigurationList section */
	};
	rootObject = 75F0805828C9227600139EF6 /* Project object */;
}
